{
    "_meta": {
        "hash": {
            "sha256": "698a0291a1940eeb517d49626558e9fcf9a99b3843e55c6c84e1ba0cf9f3ad49"
        },
        "pipfile-spec": 6,
        "requires": {
            "python_version": "3.5"
        },
        "sources": [
            {
                "name": "pypi",
                "url": "https://pypi.python.org/simple",
                "verify_ssl": true
            }
        ]
    },
    "default": {
        "booleanoperations": {
            "hashes": [
                "sha256:62723b7cabe3e727546df945c155e2f8be9514ef8c4f3b2f0f5cdb24ebbcfdf1",
                "sha256:e405de0126aaf0f6e4f3dcebd18079db601e825e123cb095366b2a50e9abbc8c"
            ],
            "index": "pypi",
            "version": "==0.8.0"
        },
        "compreffor": {
            "hashes": [
                "sha256:115e4482a7c6cc38875d912f6174a33325c0dd897b3a16fec9b691c6ab930dd7",
                "sha256:1514e847ccb7ddedfd737a5b4d9288d2373c487ba442df831b53da20b63eca8c",
                "sha256:1d920117959f0b1ffd139a750f7871290094047d12aa8d2511522c9054e54a2d",
                "sha256:1ef625b544f334ed9e499a7ded0a0f9dfc540ed4c2d97648281d0438981fbd26",
                "sha256:2f7f0252022819add4d9d4ff61de0cb3aa798c029715cdf165cea2f4389d9eee",
                "sha256:341a5f4e98651ad78833df37cc6ac7551a6c402708642928faf36812ed362c77",
                "sha256:3a0d9d58aa52388231b06c82c6179742b5489e7505c22814c727de2515cb13ec",
                "sha256:5263d09b9d77a3778a5e912dcf1ec83a380ba1fe2b9677891f02f6fd82859a01",
                "sha256:682c5bbd3ce0dc0113d04ef82479a1c8e70c4b59c17be30ba7075f7435696362",
                "sha256:6e3027d0247f3c52dbda7bce1143c9e2c7aa4a496c8e0d76d7dc424bfc9a6749",
                "sha256:6e53a103b89c3f33e173cc1485652b96a7064438bce7efae571ff5c29312eefb",
                "sha256:7056beebec3a64b47300bbcddbf93f3fa6e0d5258767c4b6ea2fdd0cee13ec87",
                "sha256:70cec399f09f506ac25c3b9d5c5f05a12c2f921aeab12dbe273df2f9b0441f7b",
                "sha256:71e053c6c2227016d6c87bc246d97ad30a91f5f2f63e09a1a0fbab18af425cde",
                "sha256:778f7ca8e8584dc20153e9823d4384a5651d33b416d38e25e2288e8be1a243d2",
                "sha256:7a94115e4ff16657f9e869a4131f5567cc28732a0b8fae3e18eb669d4b17f9ec",
                "sha256:9cc069bef16cd95ca8e500dfd75a5308cb63265ad38e407e45a0dad86a3756e6",
                "sha256:9d50df4cae35e1308163654b9b693abb859252d3affd181abb435c579f3fbb5d",
                "sha256:b521d33dedd3dc92fe434de96e5e73beed646c752cbf977d9f6cb2030d89b408",
                "sha256:c3e2bb069aba38a0f519f6359530d2ddddcc39f0367abc805b7464360567c695",
                "sha256:c7635ea46ea2c3811535d1a41f41d41064d0155261c356709aadf4c2ed0e734e",
                "sha256:d82f43c5fa02884ea79a348a43b8f2d7d3a1f5c50b04f9fd739dff10c8d6a99b",
                "sha256:e845e763c273a05ecfab5d30e479a9b1ce268c5e3c123a884927ca2ad85b284c"
            ],
            "index": "pypi",
            "version": "==0.4.6.post1"
        },
        "cu2qu": {
            "hashes": [
                "sha256:33459f01d1f7ac35db39c6ad0e894984249c7e298974e1ac797e18717b5f5e39",
                "sha256:f03a9d0f697bc4334af9cabc4002bfb1fea988bcfe2bffff46530c26b6ba7991"
            ],
            "index": "pypi",
            "version": "==1.5.0"
        },
        "defcon": {
            "git": "https://github.com/typesupply/defcon.git",
            "ref": "93d3374a03166e543f638cb5ced4c4935f42bfc7"
        },
        "designspacedocument": {
            "git": "https://github.com/LettError/designSpaceDocument.git",
            "ref": "d0c89bb7de8e0b0ea97c937959820753f946dfc1"
        },
        "fontmath": {
            "hashes": [
                "sha256:6d80531c5ccdd2a6f01ce2b97b19aa133ea206a2edab26b3716d9b0306dd0bf5",
                "sha256:c0c6dcee170893c252f7753ec21e3a33548f5e8f0b9cdfc2536daff93ec2558a"
            ],
            "index": "pypi",
            "version": "==0.4.7"
        },
        "fontparts": {
            "hashes": [
                "sha256:0ace07030ec9a1029aadf8f3c73219f6755c9f3212ff60736c26aee418d41209",
                "sha256:c78a245a802c1c9dadc0c3d74ed2e4991d74b76c04a2eca099845f9353d9ba58"
            ],
            "index": "pypi",
            "version": "==0.8.0"
        },
        "fontpens": {
            "hashes": [
                "sha256:4b26daf0ddf43bf87828e05708ca5191c754f3cf5e82a3c62b6502536d208276",
                "sha256:53543ec2a59ac4e67ddb310183fee6af9b8db5d76409137057a92d8907348578"
            ],
            "version": "==0.1.0"
        },
        "fonttools": {
            "hashes": [
                "sha256:9419fb9c59cc49313b570b006089540cb5b1431e793f33a887f997862e2cc415",
                "sha256:a687ca070daddb7ee25e3472b631acd0e53dbf11ecdf8e76248ee556472ede9d"
            ],
            "index": "pypi",
            "version": "==3.29.1"
        },
        "glyphslib": {
            "hashes": [
                "sha256:55bc33df9a7b974aa806e4b274d81ea50a02232520515ca449b6005f020b350f",
                "sha256:579207db55ecd12d2a63822490d7629b5c6b1ade53b341f4585b44560a95914b"
            ],
            "index": "pypi",
            "version": "==2.4.0"
        },
        "lz4": {
            "hashes": [
                "sha256:166aff2fbb2fee39f4ed58e8e7c1ed8a8ce72915832a100ced7a1634ac655a6f",
                "sha256:447931d54e551a3653fa0b97bac7daddc218e16a5557f4795cdc6c2ca2b3fc42",
                "sha256:5c74757132e1e1b2fc59d2e2edd2818453109fc6903e27e008cec65fdf746534",
                "sha256:71efcec600cb1972c6184f7aa6ba5e3cf37fcf9a53a22017d809f5faed1c852a",
                "sha256:9390309c3cf70857c69d761964000fbe12350bc3373cb1c83f0fcc5c0f8b88bb",
                "sha256:afddaba7223927396c153d4f3081daa0cd135ff059750f913e07e0ed713b398d",
                "sha256:b8b104d384d593ba737d55dbe0c93f6e687acfc353b68365f15b29628a53191c",
                "sha256:d3b029b9ddb82f1b4918f2b8c1cbd4dcacf336337756df4507174fc70ad5b8cb",
                "sha256:e03ca2b6aa98aee43b71c3f2a34da6b137e0e42d5dfb030ca41fa7e4fbd2def6",
                "sha256:e870229c18614342b976956525f1cb2552892b96c1414e9f8566b8cc4c9b05ec",
                "sha256:ece339630f3dd6de91d51aea510daa024e92a8363d65ff99c1a767b42f3ff398"
            ],
            "index": "pypi",
            "version": "==2.1.0"
        },
        "mutatormath": {
            "hashes": [
                "sha256:3353fdd0d1beb13bda458265573bbefa0d4afb5aa5f9e4d3503cb9d3b0623f12",
                "sha256:e6da8ae2a7008085ee0bac6d62737d37b90ce4a883d89a0f3d5c19dd350b0538"
            ],
            "index": "pypi",
            "version": "==2.1.1"
        },
        "odfpy": {
            "hashes": [
                "sha256:6bcaf3b23aa9e49ed8c8c177266539b211add4e02402748a994451482a10cb1b"
            ],
            "index": "pypi",
            "version": "==1.3.6"
        },
        "pyclipper": {
            "hashes": [
                "sha256:0b37d39bd9d4f330918de20c169e7d74108217a752533ec6ac54c6a8825adcec",
                "sha256:0d99acc5618faf8772164a3a067c1d1abd4513cf66b7b7a8d7adaa150a18376d",
                "sha256:4c4e9a643f6866f1ea4361b83a6a5c6a0d64e6a391a286e79b7f0844c2ae3c2a",
                "sha256:567947b8e31de852be32941872a72e843e679af8cf0826108be0a4c6108792a3",
                "sha256:623ab16641e4e408359420d615c6a395cb3da23a559a20e57402bebb216bd125",
                "sha256:6aa4bce5111e0bd2c50d452d940ddd87ef6c2632b2da6952fe2dec4f5e103173",
                "sha256:747bfd3e219d5f2c45e50d874ea6da4ae746b3a4601f28566fd29a6ab0966a7a",
                "sha256:78ebe32ccb6807bc8eac652ec9a7875dfa229e947b686a107acaf69259da3d8d",
                "sha256:7ecf2cc782ab3e3d33120aa3fc9da1bfd72155c6ad2ee358d14b81865dda2d65",
                "sha256:888e04d29717e9c47336c814094bd9523b3ec9ed371ce91dfa60636aae1de6f6",
                "sha256:8a8b6018d53fcce291f78dedca19994f82695eed3a2c9eff275691d4ed9aab51",
                "sha256:8bb79a30fd6078e589b39c164acd969d3f5f942a566b7e951c941f6d5c7106fe",
                "sha256:8f8ff492926c2d865bc58121bc15438e8698d8a9b7751b67892ef3516838d462",
                "sha256:abfb4c65937494bb5a3bb5fb3cf44cdb33ac88805effcd702afdb0d7bfb1803f",
                "sha256:acfbfe2a3e236a474100393661291681419ec89e74fb6a51db5325ddd280ab9a",
                "sha256:b03d1dcac192412a1f7125500dcd09baa0ccf9c27f1300870e80981907197583",
                "sha256:ba98f5472d6066386367a3e8d44c327b5438e746a7faf356e6b116338fe6492e",
                "sha256:bb89da8a321a9662330f18c1f8a88dd44966160e7a9e25c86ca16fbc1be31c0d",
                "sha256:bed37f2d2517e18976aa24477cce319fd48efa8fbafe9407101c599ba4a2b481",
                "sha256:c0fb993da9ef2ce62a9f62dcb14fff16f90bae57c073d8d4187072490eb41a68",
                "sha256:c964d5808aa5e44aae9500e70d3f08d5191edf6a355e183d8c6fb8f43dde77ad",
                "sha256:d6a2186a8a85121ee2732bd28c2243dd0451d8095d5e8426351b845fa409b974",
                "sha256:db6d0580bac8a642a31b0e07f220d3c94fe2dda39f559abc2d12713bff7dd3d0",
                "sha256:de693b6da86fbb69bf224bc89abfe479df205e827e20b4a431b03e37b2b5ee34",
                "sha256:e17d8d1adc834112ee8b092661da6231f7cfba9700297069c6b5bce71c07b9b4",
                "sha256:f064528ffb7486b1b2b21f833c729a63e5331e2e6073dfbc73b1d5e96a4d00a2",
                "sha256:f5e003f9ec3ced16691b7b0dbee39318aba3787ba85d01ef1f6627592c3ff75d",
                "sha256:fae29ba16ec075794c50242005be07fc3d5615b0cf3a86e2b60c1123446b574c"
            ],
            "version": "==1.1.0.post1"
        },
        "ufo2ft": {
            "hashes": [
                "sha256:bbf7d5d6d90106ae45f55b706d6e3384b2fbc0c2610879179fd410afc7babb44",
                "sha256:f6676331ff2f941f16027b5032a980e8a9aa35867e8a108c773dde795cf5e410"
            ],
            "index": "pypi",
            "version": "==2.2.2"
        },
        "ufolib": {
            "hashes": [
                "sha256:6b4fd7a51ef0a7eefeb798b76e54628ba4c30553770fb1414d61a89b37db9fe0",
                "sha256:6deceb5e4aeef719b3fadc631450da74c01def48b7ee4d25753a41261f69e6cb"
            ],
            "index": "pypi",
            "version": "==2.3.1"
        }
    },
    "develop": {
        "atomicwrites": {
            "hashes": [
                "sha256:0312ad34fcad8fac3704d441f7b317e50af620823353ec657a53e981f92920c0",
                "sha256:ec9ae8adaae229e4f8446952d204a3e4b5fdd2d099f9be3aaf556120135fb3ee"
            ],
            "markers": "python_version >= '2.7' and python_version != '3.1.*' and python_version != '3.3.*' and python_version != '3.0.*' and python_version != '3.2.*'",
            "version": "==1.2.1"
        },
        "attrs": {
            "hashes": [
                "sha256:10cbf6e27dbce8c30807caf056c8eb50917e0eaafe86347671b57254006c3e69",
                "sha256:ca4be454458f9dec299268d472aaa5a11f67a4ff70093396e1ceae9c76cf4bbb"
            ],
            "version": "==18.2.0"
        },
        "booleanoperations": {
            "hashes": [
                "sha256:62723b7cabe3e727546df945c155e2f8be9514ef8c4f3b2f0f5cdb24ebbcfdf1",
                "sha256:e405de0126aaf0f6e4f3dcebd18079db601e825e123cb095366b2a50e9abbc8c"
            ],
            "index": "pypi",
            "version": "==0.8.0"
        },
        "colorama": {
            "hashes": [
                "sha256:463f8483208e921368c9f306094eb6f725c6ca42b0f97e313cb5d5512459feda",
                "sha256:48eb22f4f8461b1df5734a074b57042430fb06e1d61bd1e11b078c0fe6d7a1f1"
            ],
            "markers": "sys_platform == 'win32'",
            "version": "==0.3.9"
        },
        "compreffor": {
            "hashes": [
                "sha256:115e4482a7c6cc38875d912f6174a33325c0dd897b3a16fec9b691c6ab930dd7",
                "sha256:1514e847ccb7ddedfd737a5b4d9288d2373c487ba442df831b53da20b63eca8c",
                "sha256:1d920117959f0b1ffd139a750f7871290094047d12aa8d2511522c9054e54a2d",
                "sha256:1ef625b544f334ed9e499a7ded0a0f9dfc540ed4c2d97648281d0438981fbd26",
                "sha256:2f7f0252022819add4d9d4ff61de0cb3aa798c029715cdf165cea2f4389d9eee",
                "sha256:341a5f4e98651ad78833df37cc6ac7551a6c402708642928faf36812ed362c77",
                "sha256:3a0d9d58aa52388231b06c82c6179742b5489e7505c22814c727de2515cb13ec",
                "sha256:5263d09b9d77a3778a5e912dcf1ec83a380ba1fe2b9677891f02f6fd82859a01",
                "sha256:682c5bbd3ce0dc0113d04ef82479a1c8e70c4b59c17be30ba7075f7435696362",
                "sha256:6e3027d0247f3c52dbda7bce1143c9e2c7aa4a496c8e0d76d7dc424bfc9a6749",
                "sha256:6e53a103b89c3f33e173cc1485652b96a7064438bce7efae571ff5c29312eefb",
                "sha256:7056beebec3a64b47300bbcddbf93f3fa6e0d5258767c4b6ea2fdd0cee13ec87",
                "sha256:70cec399f09f506ac25c3b9d5c5f05a12c2f921aeab12dbe273df2f9b0441f7b",
                "sha256:71e053c6c2227016d6c87bc246d97ad30a91f5f2f63e09a1a0fbab18af425cde",
                "sha256:778f7ca8e8584dc20153e9823d4384a5651d33b416d38e25e2288e8be1a243d2",
                "sha256:7a94115e4ff16657f9e869a4131f5567cc28732a0b8fae3e18eb669d4b17f9ec",
                "sha256:9cc069bef16cd95ca8e500dfd75a5308cb63265ad38e407e45a0dad86a3756e6",
                "sha256:9d50df4cae35e1308163654b9b693abb859252d3affd181abb435c579f3fbb5d",
                "sha256:b521d33dedd3dc92fe434de96e5e73beed646c752cbf977d9f6cb2030d89b408",
                "sha256:c3e2bb069aba38a0f519f6359530d2ddddcc39f0367abc805b7464360567c695",
                "sha256:c7635ea46ea2c3811535d1a41f41d41064d0155261c356709aadf4c2ed0e734e",
                "sha256:d82f43c5fa02884ea79a348a43b8f2d7d3a1f5c50b04f9fd739dff10c8d6a99b",
                "sha256:e845e763c273a05ecfab5d30e479a9b1ce268c5e3c123a884927ca2ad85b284c"
            ],
            "index": "pypi",
            "version": "==0.4.6.post1"
        },
        "cu2qu": {
            "hashes": [
                "sha256:33459f01d1f7ac35db39c6ad0e894984249c7e298974e1ac797e18717b5f5e39",
                "sha256:f03a9d0f697bc4334af9cabc4002bfb1fea988bcfe2bffff46530c26b6ba7991"
            ],
            "index": "pypi",
            "version": "==1.5.0"
        },
        "defcon": {
            "git": "https://github.com/typesupply/defcon.git",
            "ref": "93d3374a03166e543f638cb5ced4c4935f42bfc7"
        },
        "designspacedocument": {
            "git": "https://github.com/LettError/designSpaceDocument.git",
            "ref": "d0c89bb7de8e0b0ea97c937959820753f946dfc1"
        },
        "fontmath": {
            "hashes": [
                "sha256:6d80531c5ccdd2a6f01ce2b97b19aa133ea206a2edab26b3716d9b0306dd0bf5",
                "sha256:c0c6dcee170893c252f7753ec21e3a33548f5e8f0b9cdfc2536daff93ec2558a"
            ],
            "index": "pypi",
            "version": "==0.4.7"
        },
        "fontparts": {
            "hashes": [
                "sha256:0ace07030ec9a1029aadf8f3c73219f6755c9f3212ff60736c26aee418d41209",
                "sha256:c78a245a802c1c9dadc0c3d74ed2e4991d74b76c04a2eca099845f9353d9ba58"
            ],
            "index": "pypi",
            "version": "==0.8.0"
        },
        "fontpens": {
            "hashes": [
                "sha256:4b26daf0ddf43bf87828e05708ca5191c754f3cf5e82a3c62b6502536d208276",
                "sha256:53543ec2a59ac4e67ddb310183fee6af9b8db5d76409137057a92d8907348578"
            ],
            "version": "==0.1.0"
        },
        "fonttools": {
            "hashes": [
                "sha256:9419fb9c59cc49313b570b006089540cb5b1431e793f33a887f997862e2cc415",
                "sha256:a687ca070daddb7ee25e3472b631acd0e53dbf11ecdf8e76248ee556472ede9d"
            ],
            "index": "pypi",
            "version": "==3.29.1"
        },
        "glyphslib": {
            "hashes": [
                "sha256:55bc33df9a7b974aa806e4b274d81ea50a02232520515ca449b6005f020b350f",
                "sha256:579207db55ecd12d2a63822490d7629b5c6b1ade53b341f4585b44560a95914b"
            ],
            "index": "pypi",
            "version": "==2.4.0"
        },
        "lz4": {
            "hashes": [
                "sha256:166aff2fbb2fee39f4ed58e8e7c1ed8a8ce72915832a100ced7a1634ac655a6f",
                "sha256:447931d54e551a3653fa0b97bac7daddc218e16a5557f4795cdc6c2ca2b3fc42",
                "sha256:5c74757132e1e1b2fc59d2e2edd2818453109fc6903e27e008cec65fdf746534",
                "sha256:71efcec600cb1972c6184f7aa6ba5e3cf37fcf9a53a22017d809f5faed1c852a",
                "sha256:9390309c3cf70857c69d761964000fbe12350bc3373cb1c83f0fcc5c0f8b88bb",
                "sha256:afddaba7223927396c153d4f3081daa0cd135ff059750f913e07e0ed713b398d",
                "sha256:b8b104d384d593ba737d55dbe0c93f6e687acfc353b68365f15b29628a53191c",
                "sha256:d3b029b9ddb82f1b4918f2b8c1cbd4dcacf336337756df4507174fc70ad5b8cb",
                "sha256:e03ca2b6aa98aee43b71c3f2a34da6b137e0e42d5dfb030ca41fa7e4fbd2def6",
                "sha256:e870229c18614342b976956525f1cb2552892b96c1414e9f8566b8cc4c9b05ec",
                "sha256:ece339630f3dd6de91d51aea510daa024e92a8363d65ff99c1a767b42f3ff398"
            ],
            "index": "pypi",
            "version": "==2.1.0"
        },
        "more-itertools": {
            "hashes": [
                "sha256:c187a73da93e7a8acc0001572aebc7e3c69daf7bf6881a2cea10650bd4420092",
                "sha256:c476b5d3a34e12d40130bc2f935028b5f636df8f372dc2c1c01dc19681b2039e",
                "sha256:fcbfeaea0be121980e15bc97b3817b5202ca73d0eae185b4550cbfce2a3ebb3d"
            ],
            "version": "==4.3.0"
        },
        "mutatormath": {
            "hashes": [
                "sha256:3353fdd0d1beb13bda458265573bbefa0d4afb5aa5f9e4d3503cb9d3b0623f12",
                "sha256:e6da8ae2a7008085ee0bac6d62737d37b90ce4a883d89a0f3d5c19dd350b0538"
            ],
            "index": "pypi",
            "version": "==2.1.1"
        },
        "odfpy": {
            "hashes": [
                "sha256:6bcaf3b23aa9e49ed8c8c177266539b211add4e02402748a994451482a10cb1b"
            ],
            "index": "pypi",
            "version": "==1.3.6"
        },
        "pluggy": {
            "hashes": [
                "sha256:6e3836e39f4d36ae72840833db137f7b7d35105079aee6ec4a62d9f80d594dd1",
                "sha256:95eb8364a4708392bae89035f45341871286a333f749c3141c20573d2b3876e1"
            ],
            "markers": "python_version >= '2.7' and python_version != '3.1.*' and python_version != '3.3.*' and python_version != '3.0.*' and python_version != '3.2.*'",
            "version": "==0.7.1"
        },
        "py": {
            "hashes": [
                "sha256:06a30435d058473046be836d3fc4f27167fd84c45b99704f2fb5509ef61f9af1",
                "sha256:50402e9d1c9005d759426988a492e0edaadb7f4e68bcddfea586bc7432d009c6"
            ],
            "markers": "python_version >= '2.7' and python_version != '3.1.*' and python_version != '3.3.*' and python_version != '3.0.*' and python_version != '3.2.*'",
            "version": "==1.6.0"
        },
        "pyclipper": {
            "hashes": [
                "sha256:0b37d39bd9d4f330918de20c169e7d74108217a752533ec6ac54c6a8825adcec",
                "sha256:0d99acc5618faf8772164a3a067c1d1abd4513cf66b7b7a8d7adaa150a18376d",
                "sha256:4c4e9a643f6866f1ea4361b83a6a5c6a0d64e6a391a286e79b7f0844c2ae3c2a",
                "sha256:567947b8e31de852be32941872a72e843e679af8cf0826108be0a4c6108792a3",
                "sha256:623ab16641e4e408359420d615c6a395cb3da23a559a20e57402bebb216bd125",
                "sha256:6aa4bce5111e0bd2c50d452d940ddd87ef6c2632b2da6952fe2dec4f5e103173",
                "sha256:747bfd3e219d5f2c45e50d874ea6da4ae746b3a4601f28566fd29a6ab0966a7a",
                "sha256:78ebe32ccb6807bc8eac652ec9a7875dfa229e947b686a107acaf69259da3d8d",
                "sha256:7ecf2cc782ab3e3d33120aa3fc9da1bfd72155c6ad2ee358d14b81865dda2d65",
                "sha256:888e04d29717e9c47336c814094bd9523b3ec9ed371ce91dfa60636aae1de6f6",
                "sha256:8a8b6018d53fcce291f78dedca19994f82695eed3a2c9eff275691d4ed9aab51",
                "sha256:8bb79a30fd6078e589b39c164acd969d3f5f942a566b7e951c941f6d5c7106fe",
                "sha256:8f8ff492926c2d865bc58121bc15438e8698d8a9b7751b67892ef3516838d462",
                "sha256:abfb4c65937494bb5a3bb5fb3cf44cdb33ac88805effcd702afdb0d7bfb1803f",
                "sha256:acfbfe2a3e236a474100393661291681419ec89e74fb6a51db5325ddd280ab9a",
                "sha256:b03d1dcac192412a1f7125500dcd09baa0ccf9c27f1300870e80981907197583",
                "sha256:ba98f5472d6066386367a3e8d44c327b5438e746a7faf356e6b116338fe6492e",
                "sha256:bb89da8a321a9662330f18c1f8a88dd44966160e7a9e25c86ca16fbc1be31c0d",
                "sha256:bed37f2d2517e18976aa24477cce319fd48efa8fbafe9407101c599ba4a2b481",
                "sha256:c0fb993da9ef2ce62a9f62dcb14fff16f90bae57c073d8d4187072490eb41a68",
                "sha256:c964d5808aa5e44aae9500e70d3f08d5191edf6a355e183d8c6fb8f43dde77ad",
                "sha256:d6a2186a8a85121ee2732bd28c2243dd0451d8095d5e8426351b845fa409b974",
                "sha256:db6d0580bac8a642a31b0e07f220d3c94fe2dda39f559abc2d12713bff7dd3d0",
                "sha256:de693b6da86fbb69bf224bc89abfe479df205e827e20b4a431b03e37b2b5ee34",
                "sha256:e17d8d1adc834112ee8b092661da6231f7cfba9700297069c6b5bce71c07b9b4",
                "sha256:f064528ffb7486b1b2b21f833c729a63e5331e2e6073dfbc73b1d5e96a4d00a2",
                "sha256:f5e003f9ec3ced16691b7b0dbee39318aba3787ba85d01ef1f6627592c3ff75d",
                "sha256:fae29ba16ec075794c50242005be07fc3d5615b0cf3a86e2b60c1123446b574c"
            ],
            "version": "==1.1.0.post1"
        },
        "pytest": {
            "hashes": [
                "sha256:453cbbbe5ce6db38717d282b758b917de84802af4288910c12442984bde7b823",
                "sha256:a8a07f84e680482eb51e244370aaf2caa6301ef265f37c2bdefb3dd3b663f99d"
            ],
            "index": "pypi",
            "version": "==3.8.0"
        },
        "six": {
            "hashes": [
                "sha256:70e8a77beed4562e7f14fe23a786b54f6296e34344c23bc42f07b15018ff98e9",
                "sha256:832dc0e10feb1aa2c68dcc57dbb658f1c7e65b9b61af69048abc87a2db00a0eb"
            ],
            "version": "==1.11.0"
        },
        "ufo2ft": {
            "hashes": [
                "sha256:bbf7d5d6d90106ae45f55b706d6e3384b2fbc0c2610879179fd410afc7babb44",
                "sha256:f6676331ff2f941f16027b5032a980e8a9aa35867e8a108c773dde795cf5e410"
            ],
            "index": "pypi",
            "version": "==2.2.2"
        },
        "ufolib": {
            "hashes": [
                "sha256:6b4fd7a51ef0a7eefeb798b76e54628ba4c30553770fb1414d61a89b37db9fe0",
                "sha256:6deceb5e4aeef719b3fadc631450da74c01def48b7ee4d25753a41261f69e6cb"
            ],
            "index": "pypi",
            "version": "==2.3.1"
        }
    }
}
